
Microsoft Visual Studio Solution File, Format Version 12.00
# Visual Studio 2015
Project("{FAE04EC0-301F-11D3-BF4B-00C04F79EFBC}") = "IsTypingRep.CSharp.Plugins", "IsTypingRep.CSharp.Plugins.csproj", "{F138BB4E-CF80-35A8-A3A6-2CF44FF7E0C4}"
EndProject
Project("{FAE04EC0-301F-11D3-BF4B-00C04F79EFBC}") = "IsTypingRep.CSharp", "IsTypingRep.CSharp.csproj", "{4EB1E68A-F3CC-5F82-0439-5289022D85F5}"
EndProject
Project("{FAE04EC0-301F-11D3-BF4B-00C04F79EFBC}") = "IsTypingRep.CSharp.Editor.Plugins", "IsTypingRep.CSharp.Editor.Plugins.csproj", "{40CBC042-8E62-C18D-4482-C5B57604F020}"
EndProject
Project("{FAE04EC0-301F-11D3-BF4B-00C04F79EFBC}") = "IsTypingRep.CSharp.Editor", "IsTypingRep.CSharp.Editor.csproj", "{A24F055C-31D9-D5BB-4974-AFA02A5AF712}"
EndProject
Global
	GlobalSection(SolutionConfigurationPlatforms) = preSolution
		Debug|Any CPU = Debug|Any CPU
		Release|Any CPU = Release|Any CPU
	EndGlobalSection
	GlobalSection(ProjectConfigurationPlatforms) = postSolution
		{F138BB4E-CF80-35A8-A3A6-2CF44FF7E0C4}.Debug|Any CPU.ActiveCfg = Debug|Any CPU
		{F138BB4E-CF80-35A8-A3A6-2CF44FF7E0C4}.Debug|Any CPU.Build.0 = Debug|Any CPU
		{F138BB4E-CF80-35A8-A3A6-2CF44FF7E0C4}.Release|Any CPU.ActiveCfg = Release|Any CPU
		{F138BB4E-CF80-35A8-A3A6-2CF44FF7E0C4}.Release|Any CPU.Build.0 = Release|Any CPU
		{4EB1E68A-F3CC-5F82-0439-5289022D85F5}.Debug|Any CPU.ActiveCfg = Debug|Any CPU
		{4EB1E68A-F3CC-5F82-0439-5289022D85F5}.Debug|Any CPU.Build.0 = Debug|Any CPU
		{4EB1E68A-F3CC-5F82-0439-5289022D85F5}.Release|Any CPU.ActiveCfg = Release|Any CPU
		{4EB1E68A-F3CC-5F82-0439-5289022D85F5}.Release|Any CPU.Build.0 = Release|Any CPU
		{40CBC042-8E62-C18D-4482-C5B57604F020}.Debug|Any CPU.ActiveCfg = Debug|Any CPU
		{40CBC042-8E62-C18D-4482-C5B57604F020}.Debug|Any CPU.Build.0 = Debug|Any CPU
		{40CBC042-8E62-C18D-4482-C5B57604F020}.Release|Any CPU.ActiveCfg = Release|Any CPU
		{40CBC042-8E62-C18D-4482-C5B57604F020}.Release|Any CPU.Build.0 = Release|Any CPU
		{A24F055C-31D9-D5BB-4974-AFA02A5AF712}.Debug|Any CPU.ActiveCfg = Debug|Any CPU
		{A24F055C-31D9-D5BB-4974-AFA02A5AF712}.Debug|Any CPU.Build.0 = Debug|Any CPU
		{A24F055C-31D9-D5BB-4974-AFA02A5AF712}.Release|Any CPU.ActiveCfg = Release|Any CPU
		{A24F055C-31D9-D5BB-4974-AFA02A5AF712}.Release|Any CPU.Build.0 = Release|Any CPU
	EndGlobalSection
	GlobalSection(SolutionProperties) = preSolution
		HideSolutionNode = FALSE
	EndGlobalSection
EndGlobal
