Microsoft Visual Studio Solution File, Format Version 11.00
# Visual Studio 2008

Project("{5C41C364-86C4-ABEB-B9BD-E191592960F5}") = "IsTypingUnity", "Assembly-CSharp-firstpass.csproj", "{E09A9207-C44D-74A4-C0A4-4CB8B4BC1F30}"
EndProject
Project("{5C41C364-86C4-ABEB-B9BD-E191592960F5}") = "IsTypingUnity", "Assembly-CSharp.csproj", "{D0C1BA37-4389-5EF1-B4C6-DB7DFEA6B066}"
EndProject
Project("{5C41C364-86C4-ABEB-B9BD-E191592960F5}") = "IsTypingUnity", "Assembly-CSharp-Editor-firstpass.csproj", "{D2FB6AD7-E871-3C36-48D1-8DD7BE4CB2DB}"
EndProject
Project("{5C41C364-86C4-ABEB-B9BD-E191592960F5}") = "IsTypingUnity", "Assembly-CSharp-Editor.csproj", "{82C1EA24-35A1-EDC2-F099-B00EA30C09BE}"
EndProject
Global
	GlobalSection(SolutionConfigurationPlatforms) = preSolution
		Debug|Any CPU = Debug|Any CPU
		Release|Any CPU = Release|Any CPU
	EndGlobalSection
	GlobalSection(ProjectConfigurationPlatforms) = postSolution
		{E09A9207-C44D-74A4-C0A4-4CB8B4BC1F30}.Debug|Any CPU.ActiveCfg = Debug|Any CPU
		{E09A9207-C44D-74A4-C0A4-4CB8B4BC1F30}.Debug|Any CPU.Build.0 = Debug|Any CPU
		{E09A9207-C44D-74A4-C0A4-4CB8B4BC1F30}.Release|Any CPU.ActiveCfg = Release|Any CPU
		{E09A9207-C44D-74A4-C0A4-4CB8B4BC1F30}.Release|Any CPU.Build.0 = Release|Any CPU
		{D0C1BA37-4389-5EF1-B4C6-DB7DFEA6B066}.Debug|Any CPU.ActiveCfg = Debug|Any CPU
		{D0C1BA37-4389-5EF1-B4C6-DB7DFEA6B066}.Debug|Any CPU.Build.0 = Debug|Any CPU
		{D0C1BA37-4389-5EF1-B4C6-DB7DFEA6B066}.Release|Any CPU.ActiveCfg = Release|Any CPU
		{D0C1BA37-4389-5EF1-B4C6-DB7DFEA6B066}.Release|Any CPU.Build.0 = Release|Any CPU
		{D2FB6AD7-E871-3C36-48D1-8DD7BE4CB2DB}.Debug|Any CPU.ActiveCfg = Debug|Any CPU
		{D2FB6AD7-E871-3C36-48D1-8DD7BE4CB2DB}.Debug|Any CPU.Build.0 = Debug|Any CPU
		{D2FB6AD7-E871-3C36-48D1-8DD7BE4CB2DB}.Release|Any CPU.ActiveCfg = Release|Any CPU
		{D2FB6AD7-E871-3C36-48D1-8DD7BE4CB2DB}.Release|Any CPU.Build.0 = Release|Any CPU
		{82C1EA24-35A1-EDC2-F099-B00EA30C09BE}.Debug|Any CPU.ActiveCfg = Debug|Any CPU
		{82C1EA24-35A1-EDC2-F099-B00EA30C09BE}.Debug|Any CPU.Build.0 = Debug|Any CPU
		{82C1EA24-35A1-EDC2-F099-B00EA30C09BE}.Release|Any CPU.ActiveCfg = Release|Any CPU
		{82C1EA24-35A1-EDC2-F099-B00EA30C09BE}.Release|Any CPU.Build.0 = Release|Any CPU
	EndGlobalSection
	GlobalSection(SolutionProperties) = preSolution
		HideSolutionNode = FALSE
	EndGlobalSection
	GlobalSection(MonoDevelopProperties) = preSolution
		StartupItem = Assembly-CSharp.csproj
	EndGlobalSection
EndGlobal
